
Microsoft Visual Studio Solution File, Format Version 12.00
# Visual Studio Version 16
VisualStudioVersion = 16.0.30001.183
MinimumVisualStudioVersion = 10.0.40219.1
Project("{FAE04EC0-301F-11D3-BF4B-00C04F79EFBC}") = "BlazorSignalR2.Server", "BlazorSignalR2\Server\BlazorSignalR2.Server.csproj", "{4D06C30E-E1CA-402A-AA0A-2375D9C7A165}"
EndProject
Project("{FAE04EC0-301F-11D3-BF4B-00C04F79EFBC}") = "BlazorSignalR2.Client", "BlazorSignalR2\Client\BlazorSignalR2.Client.csproj", "{C565B00F-FC0B-4EC6-86CA-DBA16755AAFE}"
EndProject
Project("{FAE04EC0-301F-11D3-BF4B-00C04F79EFBC}") = "BlazorSignalR2.Shared", "BlazorSignalR2\Shared\BlazorSignalR2.Shared.csproj", "{D8EFF2E0-F13C-48D9-A784-258A6EB87B72}"
EndProject
Global
	GlobalSection(SolutionConfigurationPlatforms) = preSolution
		Debug|Any CPU = Debug|Any CPU
		Release|Any CPU = Release|Any CPU
	EndGlobalSection
	GlobalSection(ProjectConfigurationPlatforms) = postSolution
		{4D06C30E-E1CA-402A-AA0A-2375D9C7A165}.Debug|Any CPU.ActiveCfg = Debug|Any CPU
		{4D06C30E-E1CA-402A-AA0A-2375D9C7A165}.Debug|Any CPU.Build.0 = Debug|Any CPU
		{4D06C30E-E1CA-402A-AA0A-2375D9C7A165}.Release|Any CPU.ActiveCfg = Release|Any CPU
		{4D06C30E-E1CA-402A-AA0A-2375D9C7A165}.Release|Any CPU.Build.0 = Release|Any CPU
		{C565B00F-FC0B-4EC6-86CA-DBA16755AAFE}.Debug|Any CPU.ActiveCfg = Debug|Any CPU
		{C565B00F-FC0B-4EC6-86CA-DBA16755AAFE}.Debug|Any CPU.Build.0 = Debug|Any CPU
		{C565B00F-FC0B-4EC6-86CA-DBA16755AAFE}.Release|Any CPU.ActiveCfg = Release|Any CPU
		{C565B00F-FC0B-4EC6-86CA-DBA16755AAFE}.Release|Any CPU.Build.0 = Release|Any CPU
		{D8EFF2E0-F13C-48D9-A784-258A6EB87B72}.Debug|Any CPU.ActiveCfg = Debug|Any CPU
		{D8EFF2E0-F13C-48D9-A784-258A6EB87B72}.Debug|Any CPU.Build.0 = Debug|Any CPU
		{D8EFF2E0-F13C-48D9-A784-258A6EB87B72}.Release|Any CPU.ActiveCfg = Release|Any CPU
		{D8EFF2E0-F13C-48D9-A784-258A6EB87B72}.Release|Any CPU.Build.0 = Release|Any CPU
	EndGlobalSection
	GlobalSection(SolutionProperties) = preSolution
		HideSolutionNode = FALSE
	EndGlobalSection
	GlobalSection(ExtensibilityGlobals) = postSolution
		SolutionGuid = {38F8726E-0197-4377-BB63-B4F271000750}
	EndGlobalSection
EndGlobal
